// !$*UTF8*$!
{
	archiveVersion = 1;
	classes = {
	};
	objectVersion = 50;
	objects = {

/* Begin PBXBuildFile section */
		4F0E7B5727401CC400EC6146 /* modifiedrootfs in Resources */ = {isa = PBXBuildFile; fileRef = 4F0E7B5427401CC400EC6146 /* modifiedrootfs */; };
		4F0E7B5827401CC400EC6146 /* Backups in Resources */ = {isa = PBXBuildFile; fileRef = 4F0E7B5527401CC400EC6146 /* Backups */; };
		4F0E7B5927401CC400EC6146 /* Base.lproj in Resources */ = {isa = PBXBuildFile; fileRef = 4F0E7B5627401CC400EC6146 /* Base.lproj */; };
		4F0E7B5E27401E2000EC6146 /* apple-logo@2x~iphone.png in Resources */ = {isa = PBXBuildFile; fileRef = 4F0E7B5D27401E2000EC6146 /* apple-logo@2x~iphone.png */; };
		4F0E7B6327401E3A00EC6146 /* apple-logo-black@2x~iphone.png in Resources */ = {isa = PBXBuildFile; fileRef = 4F0E7B6227401E3A00EC6146 /* apple-logo-black@2x~iphone.png */; };
		4F5DF52B27381A7F009909FE /* AppDelegate.swift in Sources */ = {isa = PBXBuildFile; fileRef = 4F5DF52A27381A7F009909FE /* AppDelegate.swift */; };
		4F5DF52D27381A7F009909FE /* ViewController.swift in Sources */ = {isa = PBXBuildFile; fileRef = 4F5DF52C27381A7F009909FE /* ViewController.swift */; };
		4F5DF52F27381A80009909FE /* Assets.xcassets in Resources */ = {isa = PBXBuildFile; fileRef = 4F5DF52E27381A80009909FE /* Assets.xcassets */; };
		4F5DF53227381A80009909FE /* Main.storyboard in Resources */ = {isa = PBXBuildFile; fileRef = 4F5DF53027381A80009909FE /* Main.storyboard */; };
		4F5DF53E27381A80009909FE /* iphoneManageTests.swift in Sources */ = {isa = PBXBuildFile; fileRef = 4F5DF53D27381A80009909FE /* iphoneManageTests.swift */; };
		4F5DF54927381A80009909FE /* iphoneManageUITests.swift in Sources */ = {isa = PBXBuildFile; fileRef = 4F5DF54827381A80009909FE /* iphoneManageUITests.swift */; };
		4F8FBCEC274041430095C730 /* settingscontroller.swift in Sources */ = {isa = PBXBuildFile; fileRef = 4F8FBCEB274041430095C730 /* settingscontroller.swift */; };
		4FE3358D2742EF81007323A5 /* installdepends in Resources */ = {isa = PBXBuildFile; fileRef = 4FE3358C2742EF81007323A5 /* installdepends */; };
		4FE335A72742F743007323A5 /* tweaks in Resources */ = {isa = PBXBuildFile; fileRef = 4FE335A62742F743007323A5 /* tweaks */; };
/* End PBXBuildFile section */

/* Begin PBXContainerItemProxy section */
		4F5DF53A27381A80009909FE /* PBXContainerItemProxy */ = {
			isa = PBXContainerItemProxy;
			containerPortal = 4F5DF51F27381A7F009909FE /* Project object */;
			proxyType = 1;
			remoteGlobalIDString = 4F5DF52627381A7F009909FE;
			remoteInfo = iphoneManage;
		};
		4F5DF54527381A80009909FE /* PBXContainerItemProxy */ = {
			isa = PBXContainerItemProxy;
			containerPortal = 4F5DF51F27381A7F009909FE /* Project object */;
			proxyType = 1;
			remoteGlobalIDString = 4F5DF52627381A7F009909FE;
			remoteInfo = iphoneManage;
		};
/* End PBXContainerItemProxy section */

/* Begin PBXFileReference section */
		4F0E7B5427401CC400EC6146 /* modifiedrootfs */ = {isa = PBXFileReference; lastKnownFileType = folder; path = modifiedrootfs; sourceTree = "<group>"; };
		4F0E7B5527401CC400EC6146 /* Backups */ = {isa = PBXFileReference; lastKnownFileType = folder; path = Backups; sourceTree = "<group>"; };
		4F0E7B5627401CC400EC6146 /* Base.lproj */ = {isa = PBXFileReference; lastKnownFileType = folder; path = Base.lproj; sourceTree = "<group>"; };
		4F0E7B5D27401E2000EC6146 /* apple-logo@2x~iphone.png */ = {isa = PBXFileReference; lastKnownFileType = image.png; path = "apple-logo@2x~iphone.png"; sourceTree = "<group>"; };
		4F0E7B6227401E3A00EC6146 /* apple-logo-black@2x~iphone.png */ = {isa = PBXFileReference; lastKnownFileType = image.png; path = "apple-logo-black@2x~iphone.png"; sourceTree = "<group>"; };
		4F5DF52727381A7F009909FE /* iphoneManage.app */ = {isa = PBXFileReference; explicitFileType = wrapper.application; includeInIndex = 0; path = iphoneManage.app; sourceTree = BUILT_PRODUCTS_DIR; };
		4F5DF52A27381A7F009909FE /* AppDelegate.swift */ = {isa = PBXFileReference; lastKnownFileType = sourcecode.swift; path = AppDelegate.swift; sourceTree = "<group>"; };
		4F5DF52C27381A7F009909FE /* ViewController.swift */ = {isa = PBXFileReference; lastKnownFileType = sourcecode.swift; path = ViewController.swift; sourceTree = "<group>"; };
		4F5DF52E27381A80009909FE /* Assets.xcassets */ = {isa = PBXFileReference; lastKnownFileType = folder.assetcatalog; path = Assets.xcassets; sourceTree = "<group>"; };
		4F5DF53127381A80009909FE /* Base */ = {isa = PBXFileReference; lastKnownFileType = file.storyboard; name = Base; path = Base.lproj/Main.storyboard; sourceTree = "<group>"; };
		4F5DF53327381A80009909FE /* Info.plist */ = {isa = PBXFileReference; lastKnownFileType = text.plist.xml; path = Info.plist; sourceTree = "<group>"; };
		4F5DF53427381A80009909FE /* iphoneManage.entitlements */ = {isa = PBXFileReference; lastKnownFileType = text.plist.entitlements; path = iphoneManage.entitlements; sourceTree = "<group>"; };
		4F5DF53927381A80009909FE /* iphoneManageTests.xctest */ = {isa = PBXFileReference; explicitFileType = wrapper.cfbundle; includeInIndex = 0; path = iphoneManageTests.xctest; sourceTree = BUILT_PRODUCTS_DIR; };
		4F5DF53D27381A80009909FE /* iphoneManageTests.swift */ = {isa = PBXFileReference; lastKnownFileType = sourcecode.swift; path = iphoneManageTests.swift; sourceTree = "<group>"; };
		4F5DF53F27381A80009909FE /* Info.plist */ = {isa = PBXFileReference; lastKnownFileType = text.plist.xml; path = Info.plist; sourceTree = "<group>"; };
		4F5DF54427381A80009909FE /* iphoneManageUITests.xctest */ = {isa = PBXFileReference; explicitFileType = wrapper.cfbundle; includeInIndex = 0; path = iphoneManageUITests.xctest; sourceTree = BUILT_PRODUCTS_DIR; };
		4F5DF54827381A80009909FE /* iphoneManageUITests.swift */ = {isa = PBXFileReference; lastKnownFileType = sourcecode.swift; path = iphoneManageUITests.swift; sourceTree = "<group>"; };
		4F5DF54A27381A80009909FE /* Info.plist */ = {isa = PBXFileReference; lastKnownFileType = text.plist.xml; path = Info.plist; sourceTree = "<group>"; };
		4F8FBCEB274041430095C730 /* settingscontroller.swift */ = {isa = PBXFileReference; lastKnownFileType = sourcecode.swift; path = settingscontroller.swift; sourceTree = "<group>"; };
		4FE3358C2742EF81007323A5 /* installdepends */ = {isa = PBXFileReference; fileEncoding = 4; lastKnownFileType = text; path = installdepends; sourceTree = "<group>"; };
		4FE335A62742F743007323A5 /* tweaks */ = {isa = PBXFileReference; lastKnownFileType = folder; path = tweaks; sourceTree = "<group>"; };
/* End PBXFileReference section */

/* Begin PBXFrameworksBuildPhase section */
		4F5DF52427381A7F009909FE /* Frameworks */ = {
			isa = PBXFrameworksBuildPhase;
			buildActionMask = 2147483647;
			files = (
			);
			runOnlyForDeploymentPostprocessing = 0;
		};
		4F5DF53627381A80009909FE /* Frameworks */ = {
			isa = PBXFrameworksBuildPhase;
			buildActionMask = 2147483647;
			files = (
			);
			runOnlyForDeploymentPostprocessing = 0;
		};
		4F5DF54127381A80009909FE /* Frameworks */ = {
			isa = PBXFrameworksBuildPhase;
			buildActionMask = 2147483647;
			files = (
			);
			runOnlyForDeploymentPostprocessing = 0;
		};
/* End PBXFrameworksBuildPhase section */

/* Begin PBXGroup section */
		4F5DF51E27381A7F009909FE = {
			isa = PBXGroup;
			children = (
				4F5DF52927381A7F009909FE /* iphoneManage */,
				4F5DF53C27381A80009909FE /* iphoneManageTests */,
				4F5DF54727381A80009909FE /* iphoneManageUITests */,
				4F5DF52827381A7F009909FE /* Products */,
			);
			sourceTree = "<group>";
		};
		4F5DF52827381A7F009909FE /* Products */ = {
			isa = PBXGroup;
			children = (
				4F5DF52727381A7F009909FE /* iphoneManage.app */,
				4F5DF53927381A80009909FE /* iphoneManageTests.xctest */,
				4F5DF54427381A80009909FE /* iphoneManageUITests.xctest */,
			);
			name = Products;
			sourceTree = "<group>";
		};
		4F5DF52927381A7F009909FE /* iphoneManage */ = {
			isa = PBXGroup;
			children = (
				4FE335A62742F743007323A5 /* tweaks */,
				4FE3358C2742EF81007323A5 /* installdepends */,
				4F0E7B5527401CC400EC6146 /* Backups */,
				4F0E7B5627401CC400EC6146 /* Base.lproj */,
				4F0E7B5427401CC400EC6146 /* modifiedrootfs */,
				4F5DF52A27381A7F009909FE /* AppDelegate.swift */,
				4F0E7B5D27401E2000EC6146 /* apple-logo@2x~iphone.png */,
				4F0E7B6227401E3A00EC6146 /* apple-logo-black@2x~iphone.png */,
				4F5DF52C27381A7F009909FE /* ViewController.swift */,
				4F5DF52E27381A80009909FE /* Assets.xcassets */,
				4F5DF53027381A80009909FE /* Main.storyboard */,
				4F8FBCEB274041430095C730 /* settingscontroller.swift */,
				4F5DF53327381A80009909FE /* Info.plist */,
				4F5DF53427381A80009909FE /* iphoneManage.entitlements */,
			);
			path = iphoneManage;
			sourceTree = "<group>";
		};
		4F5DF53C27381A80009909FE /* iphoneManageTests */ = {
			isa = PBXGroup;
			children = (
				4F5DF53D27381A80009909FE /* iphoneManageTests.swift */,
				4F5DF53F27381A80009909FE /* Info.plist */,
			);
			path = iphoneManageTests;
			sourceTree = "<group>";
		};
		4F5DF54727381A80009909FE /* iphoneManageUITests */ = {
			isa = PBXGroup;
			children = (
				4F5DF54827381A80009909FE /* iphoneManageUITests.swift */,
				4F5DF54A27381A80009909FE /* Info.plist */,
			);
			path = iphoneManageUITests;
			sourceTree = "<group>";
		};
/* End PBXGroup section */

/* Begin PBXNativeTarget section */
		4F5DF52627381A7F009909FE /* iphoneManage */ = {
			isa = PBXNativeTarget;
			buildConfigurationList = 4F5DF54D27381A80009909FE /* Build configuration list for PBXNativeTarget "iphoneManage" */;
			buildPhases = (
				4F5DF52327381A7F009909FE /* Sources */,
				4F5DF52427381A7F009909FE /* Frameworks */,
				4F5DF52527381A7F009909FE /* Resources */,
			);
			buildRules = (
			);
			dependencies = (
			);
			name = iphoneManage;
			productName = iphoneManage;
			productReference = 4F5DF52727381A7F009909FE /* iphoneManage.app */;
			productType = "com.apple.product-type.application";
		};
		4F5DF53827381A80009909FE /* iphoneManageTests */ = {
			isa = PBXNativeTarget;
			buildConfigurationList = 4F5DF55027381A80009909FE /* Build configuration list for PBXNativeTarget "iphoneManageTests" */;
			buildPhases = (
				4F5DF53527381A80009909FE /* Sources */,
				4F5DF53627381A80009909FE /* Frameworks */,
				4F5DF53727381A80009909FE /* Resources */,
			);
			buildRules = (
			);
			dependencies = (
				4F5DF53B27381A80009909FE /* PBXTargetDependency */,
			);
			name = iphoneManageTests;
			productName = iphoneManageTests;
			productReference = 4F5DF53927381A80009909FE /* iphoneManageTests.xctest */;
			productType = "com.apple.product-type.bundle.unit-test";
		};
		4F5DF54327381A80009909FE /* iphoneManageUITests */ = {
			isa = PBXNativeTarget;
			buildConfigurationList = 4F5DF55327381A80009909FE /* Build configuration list for PBXNativeTarget "iphoneManageUITests" */;
			buildPhases = (
				4F5DF54027381A80009909FE /* Sources */,
				4F5DF54127381A80009909FE /* Frameworks */,
				4F5DF54227381A80009909FE /* Resources */,
			);
			buildRules = (
			);
			dependencies = (
				4F5DF54627381A80009909FE /* PBXTargetDependency */,
			);
			name = iphoneManageUITests;
			productName = iphoneManageUITests;
			productReference = 4F5DF54427381A80009909FE /* iphoneManageUITests.xctest */;
			productType = "com.apple.product-type.bundle.ui-testing";
		};
/* End PBXNativeTarget section */

/* Begin PBXProject section */
		4F5DF51F27381A7F009909FE /* Project object */ = {
			isa = PBXProject;
			attributes = {
				LastSwiftUpdateCheck = 1240;
				LastUpgradeCheck = 1240;
				TargetAttributes = {
					4F5DF52627381A7F009909FE = {
						CreatedOnToolsVersion = 12.4;
					};
					4F5DF53827381A80009909FE = {
						CreatedOnToolsVersion = 12.4;
						TestTargetID = 4F5DF52627381A7F009909FE;
					};
					4F5DF54327381A80009909FE = {
						CreatedOnToolsVersion = 12.4;
						TestTargetID = 4F5DF52627381A7F009909FE;
					};
				};
			};
			buildConfigurationList = 4F5DF52227381A7F009909FE /* Build configuration list for PBXProject "iphoneManage" */;
			compatibilityVersion = "Xcode 9.3";
			developmentRegion = en;
			hasScannedForEncodings = 0;
			knownRegions = (
				en,
				Base,
			);
			mainGroup = 4F5DF51E27381A7F009909FE;
			productRefGroup = 4F5DF52827381A7F009909FE /* Products */;
			projectDirPath = "";
			projectRoot = "";
			targets = (
				4F5DF52627381A7F009909FE /* iphoneManage */,
				4F5DF53827381A80009909FE /* iphoneManageTests */,
				4F5DF54327381A80009909FE /* iphoneManageUITests */,
			);
		};
/* End PBXProject section */

/* Begin PBXResourcesBuildPhase section */
		4F5DF52527381A7F009909FE /* Resources */ = {
			isa = PBXResourcesBuildPhase;
			buildActionMask = 2147483647;
			files = (
				4FE3358D2742EF81007323A5 /* installdepends in Resources */,
				4F5DF52F27381A80009909FE /* Assets.xcassets in Resources */,
				4FE335A72742F743007323A5 /* tweaks in Resources */,
				4F0E7B6327401E3A00EC6146 /* apple-logo-black@2x~iphone.png in Resources */,
				4F0E7B5927401CC400EC6146 /* Base.lproj in Resources */,
				4F5DF53227381A80009909FE /* Main.storyboard in Resources */,
				4F0E7B5E27401E2000EC6146 /* apple-logo@2x~iphone.png in Resources */,
				4F0E7B5727401CC400EC6146 /* modifiedrootfs in Resources */,
				4F0E7B5827401CC400EC6146 /* Backups in Resources */,
			);
			runOnlyForDeploymentPostprocessing = 0;
		};
		4F5DF53727381A80009909FE /* Resources */ = {
			isa = PBXResourcesBuildPhase;
			buildActionMask = 2147483647;
			files = (
			);
			runOnlyForDeploymentPostprocessing = 0;
		};
		4F5DF54227381A80009909FE /* Resources */ = {
			isa = PBXResourcesBuildPhase;
			buildActionMask = 2147483647;
			files = (
			);
			runOnlyForDeploymentPostprocessing = 0;
		};
/* End PBXResourcesBuildPhase section */

/* Begin PBXSourcesBuildPhase section */
		4F5DF52327381A7F009909FE /* Sources */ = {
			isa = PBXSourcesBuildPhase;
			buildActionMask = 2147483647;
			files = (
				4F5DF52D27381A7F009909FE /* ViewController.swift in Sources */,
				4F8FBCEC274041430095C730 /* settingscontroller.swift in Sources */,
				4F5DF52B27381A7F009909FE /* AppDelegate.swift in Sources */,
			);
			runOnlyForDeploymentPostprocessing = 0;
		};
		4F5DF53527381A80009909FE /* Sources */ = {
			isa = PBXSourcesBuildPhase;
			buildActionMask = 2147483647;
			files = (
				4F5DF53E27381A80009909FE /* iphoneManageTests.swift in Sources */,
			);
			runOnlyForDeploymentPostprocessing = 0;
		};
		4F5DF54027381A80009909FE /* Sources */ = {
			isa = PBXSourcesBuildPhase;
			buildActionMask = 2147483647;
			files = (
				4F5DF54927381A80009909FE /* iphoneManageUITests.swift in Sources */,
			);
			runOnlyForDeploymentPostprocessing = 0;
		};
/* End PBXSourcesBuildPhase section */

/* Begin PBXTargetDependency section */
		4F5DF53B27381A80009909FE /* PBXTargetDependency */ = {
			isa = PBXTargetDependency;
			target = 4F5DF52627381A7F009909FE /* iphoneManage */;
			targetProxy = 4F5DF53A27381A80009909FE /* PBXContainerItemProxy */;
		};
		4F5DF54627381A80009909FE /* PBXTargetDependency */ = {
			isa = PBXTargetDependency;
			target = 4F5DF52627381A7F009909FE /* iphoneManage */;
			targetProxy = 4F5DF54527381A80009909FE /* PBXContainerItemProxy */;
		};
/* End PBXTargetDependency section */

/* Begin PBXVariantGroup section */
		4F5DF53027381A80009909FE /* Main.storyboard */ = {
			isa = PBXVariantGroup;
			children = (
				4F5DF53127381A80009909FE /* Base */,
			);
			name = Main.storyboard;
			sourceTree = "<group>";
		};
/* End PBXVariantGroup section */

/* Begin XCBuildConfiguration section */
		4F5DF54B27381A80009909FE /* Debug */ = {
			isa = XCBuildConfiguration;
			buildSettings = {
				ALWAYS_SEARCH_USER_PATHS = NO;
				CLANG_ANALYZER_NONNULL = YES;
				CLANG_ANALYZER_NUMBER_OBJECT_CONVERSION = YES_AGGRESSIVE;
				CLANG_CXX_LANGUAGE_STANDARD = "gnu++14";
				CLANG_CXX_LIBRARY = "libc++";
				CLANG_ENABLE_MODULES = YES;
				CLANG_ENABLE_OBJC_ARC = YES;
				CLANG_ENABLE_OBJC_WEAK = YES;
				CLANG_WARN_BLOCK_CAPTURE_AUTORELEASING = YES;
				CLANG_WARN_BOOL_CONVERSION = YES;
				CLANG_WARN_COMMA = YES;
				CLANG_WARN_CONSTANT_CONVERSION = YES;
				CLANG_WARN_DEPRECATED_OBJC_IMPLEMENTATIONS = YES;
				CLANG_WARN_DIRECT_OBJC_ISA_USAGE = YES_ERROR;
				CLANG_WARN_DOCUMENTATION_COMMENTS = YES;
				CLANG_WARN_EMPTY_BODY = YES;
				CLANG_WARN_ENUM_CONVERSION = YES;
				CLANG_WARN_INFINITE_RECURSION = YES;
				CLANG_WARN_INT_CONVERSION = YES;
				CLANG_WARN_NON_LITERAL_NULL_CONVERSION = YES;
				CLANG_WARN_OBJC_IMPLICIT_RETAIN_SELF = YES;
				CLANG_WARN_OBJC_LITERAL_CONVERSION = YES;
				CLANG_WARN_OBJC_ROOT_CLASS = YES_ERROR;
				CLANG_WARN_QUOTED_INCLUDE_IN_FRAMEWORK_HEADER = YES;
				CLANG_WARN_RANGE_LOOP_ANALYSIS = YES;
				CLANG_WARN_STRICT_PROTOTYPES = YES;
				CLANG_WARN_SUSPICIOUS_MOVE = YES;
				CLANG_WARN_UNGUARDED_AVAILABILITY = YES_AGGRESSIVE;
				CLANG_WARN_UNREACHABLE_CODE = YES;
				CLANG_WARN__DUPLICATE_METHOD_MATCH = YES;
				COPY_PHASE_STRIP = NO;
				DEBUG_INFORMATION_FORMAT = dwarf;
				ENABLE_STRICT_OBJC_MSGSEND = YES;
				ENABLE_TESTABILITY = YES;
				GCC_C_LANGUAGE_STANDARD = gnu11;
				GCC_DYNAMIC_NO_PIC = NO;
				GCC_NO_COMMON_BLOCKS = YES;
				GCC_OPTIMIZATION_LEVEL = 0;
				GCC_PREPROCESSOR_DEFINITIONS = (
					"DEBUG=1",
					"$(inherited)",
				);
				GCC_WARN_64_TO_32_BIT_CONVERSION = YES;
				GCC_WARN_ABOUT_RETURN_TYPE = YES_ERROR;
				GCC_WARN_UNDECLARED_SELECTOR = YES;
				GCC_WARN_UNINITIALIZED_AUTOS = YES_AGGRESSIVE;
				GCC_WARN_UNUSED_FUNCTION = YES;
				GCC_WARN_UNUSED_VARIABLE = YES;
				MACOSX_DEPLOYMENT_TARGET = 10.13;
				MTL_ENABLE_DEBUG_INFO = INCLUDE_SOURCE;
				MTL_FAST_MATH = YES;
				ONLY_ACTIVE_ARCH = YES;
				SDKROOT = macosx;
				SWIFT_ACTIVE_COMPILATION_CONDITIONS = DEBUG;
				SWIFT_OPTIMIZATION_LEVEL = "-Onone";
			};
			name = Debug;
		};
		4F5DF54C27381A80009909FE /* Release */ = {
			isa = XCBuildConfiguration;
			buildSettings = {
				ALWAYS_SEARCH_USER_PATHS = NO;
				CLANG_ANALYZER_NONNULL = YES;
				CLANG_ANALYZER_NUMBER_OBJECT_CONVERSION = YES_AGGRESSIVE;
				CLANG_CXX_LANGUAGE_STANDARD = "gnu++14";
				CLANG_CXX_LIBRARY = "libc++";
				CLANG_ENABLE_MODULES = YES;
				CLANG_ENABLE_OBJC_ARC = YES;
				CLANG_ENABLE_OBJC_WEAK = YES;
				CLANG_WARN_BLOCK_CAPTURE_AUTORELEASING = YES;
				CLANG_WARN_BOOL_CONVERSION = YES;
				CLANG_WARN_COMMA = YES;
				CLANG_WARN_CONSTANT_CONVERSION = YES;
				CLANG_WARN_DEPRECATED_OBJC_IMPLEMENTATIONS = YES;
				CLANG_WARN_DIRECT_OBJC_ISA_USAGE = YES_ERROR;
				CLANG_WARN_DOCUMENTATION_COMMENTS = YES;
				CLANG_WARN_EMPTY_BODY = YES;
				CLANG_WARN_ENUM_CONVERSION = YES;
				CLANG_WARN_INFINITE_RECURSION = YES;
				CLANG_WARN_INT_CONVERSION = YES;
				CLANG_WARN_NON_LITERAL_NULL_CONVERSION = YES;
				CLANG_WARN_OBJC_IMPLICIT_RETAIN_SELF = YES;
				CLANG_WARN_OBJC_LITERAL_CONVERSION = YES;
				CLANG_WARN_OBJC_ROOT_CLASS = YES_ERROR;
				CLANG_WARN_QUOTED_INCLUDE_IN_FRAMEWORK_HEADER = YES;
				CLANG_WARN_RANGE_LOOP_ANALYSIS = YES;
				CLANG_WARN_STRICT_PROTOTYPES = YES;
				CLANG_WARN_SUSPICIOUS_MOVE = YES;
				CLANG_WARN_UNGUARDED_AVAILABILITY = YES_AGGRESSIVE;
				CLANG_WARN_UNREACHABLE_CODE = YES;
				CLANG_WARN__DUPLICATE_METHOD_MATCH = YES;
				COPY_PHASE_STRIP = NO;
				DEBUG_INFORMATION_FORMAT = "dwarf-with-dsym";
				ENABLE_NS_ASSERTIONS = NO;
				ENABLE_STRICT_OBJC_MSGSEND = YES;
				GCC_C_LANGUAGE_STANDARD = gnu11;
				GCC_NO_COMMON_BLOCKS = YES;
				GCC_WARN_64_TO_32_BIT_CONVERSION = YES;
				GCC_WARN_ABOUT_RETURN_TYPE = YES_ERROR;
				GCC_WARN_UNDECLARED_SELECTOR = YES;
				GCC_WARN_UNINITIALIZED_AUTOS = YES_AGGRESSIVE;
				GCC_WARN_UNUSED_FUNCTION = YES;
				GCC_WARN_UNUSED_VARIABLE = YES;
				MACOSX_DEPLOYMENT_TARGET = 10.13;
				MTL_ENABLE_DEBUG_INFO = NO;
				MTL_FAST_MATH = YES;
				SDKROOT = macosx;
				SWIFT_COMPILATION_MODE = wholemodule;
				SWIFT_OPTIMIZATION_LEVEL = "-O";
			};
			name = Release;
		};
		4F5DF54E27381A80009909FE /* Debug */ = {
			isa = XCBuildConfiguration;
			buildSettings = {
				ASSETCATALOG_COMPILER_APPICON_NAME = AppIcon;
				ASSETCATALOG_COMPILER_GLOBAL_ACCENT_COLOR_NAME = AccentColor;
				CODE_SIGN_ENTITLEMENTS = iphoneManage/iphoneManage.entitlements;
				CODE_SIGN_IDENTITY = "Apple Development";
				CODE_SIGN_STYLE = Automatic;
				COMBINE_HIDPI_IMAGES = YES;
				DEVELOPMENT_TEAM = W7TUW5PF88;
				ENABLE_HARDENED_RUNTIME = YES;
				INFOPLIST_FILE = iphoneManage/Info.plist;
				LD_RUNPATH_SEARCH_PATHS = (
					"$(inherited)",
					"@executable_path/../Frameworks",
				);
				MACOSX_DEPLOYMENT_TARGET = 10.13;
				MARKETING_VERSION = 1.2;
				PRODUCT_BUNDLE_IDENTIFIER = com.kirasrcipts.iphoneManage;
				PRODUCT_NAME = "$(TARGET_NAME)";
				SWIFT_VERSION = 5.0;
			};
			name = Debug;
		};
		4F5DF54F27381A80009909FE /* Release */ = {
			isa = XCBuildConfiguration;
			buildSettings = {
				ASSETCATALOG_COMPILER_APPICON_NAME = AppIcon;
				ASSETCATALOG_COMPILER_GLOBAL_ACCENT_COLOR_NAME = AccentColor;
				CODE_SIGN_ENTITLEMENTS = iphoneManage/iphoneManage.entitlements;
				CODE_SIGN_IDENTITY = "Apple Development";
				CODE_SIGN_STYLE = Automatic;
				COMBINE_HIDPI_IMAGES = YES;
				DEVELOPMENT_TEAM = W7TUW5PF88;
				ENABLE_HARDENED_RUNTIME = YES;
				INFOPLIST_FILE = iphoneManage/Info.plist;
				LD_RUNPATH_SEARCH_PATHS = (
					"$(inherited)",
					"@executable_path/../Frameworks",
				);
				MACOSX_DEPLOYMENT_TARGET = 10.13;
				MARKETING_VERSION = 1.2;
				PRODUCT_BUNDLE_IDENTIFIER = com.kirasrcipts.iphoneManage;
				PRODUCT_NAME = "$(TARGET_NAME)";
				SWIFT_VERSION = 5.0;
			};
			name = Release;
		};
		4F5DF55127381A80009909FE /* Debug */ = {
			isa = XCBuildConfiguration;
			buildSettings = {
				ALWAYS_EMBED_SWIFT_STANDARD_LIBRARIES = YES;
				BUNDLE_LOADER = "$(TEST_HOST)";
				CODE_SIGN_STYLE = Automatic;
				COMBINE_HIDPI_IMAGES = YES;
				INFOPLIST_FILE = iphoneManageTests/Info.plist;
				LD_RUNPATH_SEARCH_PATHS = (
					"$(inherited)",
					"@executable_path/../Frameworks",
					"@loader_path/../Frameworks",
				);
				MACOSX_DEPLOYMENT_TARGET = 10.15;
				PRODUCT_BUNDLE_IDENTIFIER = com.kirasrcipts.iphoneManageTests;
				PRODUCT_NAME = "$(TARGET_NAME)";
				SWIFT_VERSION = 5.0;
				TEST_HOST = "$(BUILT_PRODUCTS_DIR)/iphoneManage.app/Contents/MacOS/iphoneManage";
			};
			name = Debug;
		};
		4F5DF55227381A80009909FE /* Release */ = {
			isa = XCBuildConfiguration;
			buildSettings = {
				ALWAYS_EMBED_SWIFT_STANDARD_LIBRARIES = YES;
				BUNDLE_LOADER = "$(TEST_HOST)";
				CODE_SIGN_STYLE = Automatic;
				COMBINE_HIDPI_IMAGES = YES;
				INFOPLIST_FILE = iphoneManageTests/Info.plist;
				LD_RUNPATH_SEARCH_PATHS = (
					"$(inherited)",
					"@executable_path/../Frameworks",
					"@loader_path/../Frameworks",
				);
				MACOSX_DEPLOYMENT_TARGET = 10.15;
				PRODUCT_BUNDLE_IDENTIFIER = com.kirasrcipts.iphoneManageTests;
				PRODUCT_NAME = "$(TARGET_NAME)";
				SWIFT_VERSION = 5.0;
				TEST_HOST = "$(BUILT_PRODUCTS_DIR)/iphoneManage.app/Contents/MacOS/iphoneManage";
			};
			name = Release;
		};
		4F5DF55427381A80009909FE /* Debug */ = {
			isa = XCBuildConfiguration;
			buildSettings = {
				ALWAYS_EMBED_SWIFT_STANDARD_LIBRARIES = YES;
				CODE_SIGN_STYLE = Automatic;
				COMBINE_HIDPI_IMAGES = YES;
				INFOPLIST_FILE = iphoneManageUITests/Info.plist;
				LD_RUNPATH_SEARCH_PATHS = (
					"$(inherited)",
					"@executable_path/../Frameworks",
					"@loader_path/../Frameworks",
				);
				PRODUCT_BUNDLE_IDENTIFIER = com.kirasrcipts.iphoneManageUITests;
				PRODUCT_NAME = "$(TARGET_NAME)";
				SWIFT_VERSION = 5.0;
				TEST_TARGET_NAME = iphoneManage;
			};
			name = Debug;
		};
		4F5DF55527381A80009909FE /* Release */ = {
			isa = XCBuildConfiguration;
			buildSettings = {
				ALWAYS_EMBED_SWIFT_STANDARD_LIBRARIES = YES;
				CODE_SIGN_STYLE = Automatic;
				COMBINE_HIDPI_IMAGES = YES;
				INFOPLIST_FILE = iphoneManageUITests/Info.plist;
				LD_RUNPATH_SEARCH_PATHS = (
					"$(inherited)",
					"@executable_path/../Frameworks",
					"@loader_path/../Frameworks",
				);
				PRODUCT_BUNDLE_IDENTIFIER = com.kirasrcipts.iphoneManageUITests;
				PRODUCT_NAME = "$(TARGET_NAME)";
				SWIFT_VERSION = 5.0;
				TEST_TARGET_NAME = iphoneManage;
			};
			name = Release;
		};
/* End XCBuildConfiguration section */

/* Begin XCConfigurationList section */
		4F5DF52227381A7F009909FE /* Build configuration list for PBXProject "iphoneManage" */ = {
			isa = XCConfigurationList;
			buildConfigurations = (
				4F5DF54B27381A80009909FE /* Debug */,
				4F5DF54C27381A80009909FE /* Release */,
			);
			defaultConfigurationIsVisible = 0;
			defaultConfigurationName = Release;
		};
		4F5DF54D27381A80009909FE /* Build configuration list for PBXNativeTarget "iphoneManage" */ = {
			isa = XCConfigurationList;
			buildConfigurations = (
				4F5DF54E27381A80009909FE /* Debug */,
				4F5DF54F27381A80009909FE /* Release */,
			);
			defaultConfigurationIsVisible = 0;
			defaultConfigurationName = Release;
		};
		4F5DF55027381A80009909FE /* Build configuration list for PBXNativeTarget "iphoneManageTests" */ = {
			isa = XCConfigurationList;
			buildConfigurations = (
				4F5DF55127381A80009909FE /* Debug */,
				4F5DF55227381A80009909FE /* Release */,
			);
			defaultConfigurationIsVisible = 0;
			defaultConfigurationName = Release;
		};
		4F5DF55327381A80009909FE /* Build configuration list for PBXNativeTarget "iphoneManageUITests" */ = {
			isa = XCConfigurationList;
			buildConfigurations = (
				4F5DF55427381A80009909FE /* Debug */,
				4F5DF55527381A80009909FE /* Release */,
			);
			defaultConfigurationIsVisible = 0;
			defaultConfigurationName = Release;
		};
/* End XCConfigurationList section */
	};
	rootObject = 4F5DF51F27381A7F009909FE /* Project object */;
}
